
Microsoft Visual Studio Solution File, Format Version 12.00
# Visual Studio Version 16
VisualStudioVersion = 16.0.29806.167
MinimumVisualStudioVersion = 10.0.40219.1
Project("{FAE04EC0-301F-11D3-BF4B-00C04F79EFBC}") = "Studying_csharp_05", "Studying_csharp_05.csproj", "{CA37FD80-259C-43BF-AC74-7B97FEC51EAE}"
EndProject
Global
	GlobalSection(SolutionConfigurationPlatforms) = preSolution
		Debug|Any CPU = Debug|Any CPU
		Release|Any CPU = Release|Any CPU
	EndGlobalSection
	GlobalSection(ProjectConfigurationPlatforms) = postSolution
		{CA37FD80-259C-43BF-AC74-7B97FEC51EAE}.Debug|Any CPU.ActiveCfg = Debug|Any CPU
		{CA37FD80-259C-43BF-AC74-7B97FEC51EAE}.Debug|Any CPU.Build.0 = Debug|Any CPU
		{CA37FD80-259C-43BF-AC74-7B97FEC51EAE}.Release|Any CPU.ActiveCfg = Release|Any CPU
		{CA37FD80-259C-43BF-AC74-7B97FEC51EAE}.Release|Any CPU.Build.0 = Release|Any CPU
	EndGlobalSection
	GlobalSection(SolutionProperties) = preSolution
		HideSolutionNode = FALSE
	EndGlobalSection
	GlobalSection(ExtensibilityGlobals) = postSolution
		SolutionGuid = {6E8360D8-D971-480D-873F-304CBA98FB03}
	EndGlobalSection
EndGlobal
