
Microsoft Visual Studio Solution File, Format Version 12.00
# Visual Studio Version 16
VisualStudioVersion = 16.0.29806.167
MinimumVisualStudioVersion = 10.0.40219.1
Project("{FAE04EC0-301F-11D3-BF4B-00C04F79EFBC}") = "Studying_csharp_02", "Studying_csharp_02.csproj", "{8E4B06E9-C99D-43DD-B34F-997CB7B5331E}"
EndProject
Global
	GlobalSection(SolutionConfigurationPlatforms) = preSolution
		Debug|Any CPU = Debug|Any CPU
		Release|Any CPU = Release|Any CPU
	EndGlobalSection
	GlobalSection(ProjectConfigurationPlatforms) = postSolution
		{8E4B06E9-C99D-43DD-B34F-997CB7B5331E}.Debug|Any CPU.ActiveCfg = Debug|Any CPU
		{8E4B06E9-C99D-43DD-B34F-997CB7B5331E}.Debug|Any CPU.Build.0 = Debug|Any CPU
		{8E4B06E9-C99D-43DD-B34F-997CB7B5331E}.Release|Any CPU.ActiveCfg = Release|Any CPU
		{8E4B06E9-C99D-43DD-B34F-997CB7B5331E}.Release|Any CPU.Build.0 = Release|Any CPU
	EndGlobalSection
	GlobalSection(SolutionProperties) = preSolution
		HideSolutionNode = FALSE
	EndGlobalSection
	GlobalSection(ExtensibilityGlobals) = postSolution
		SolutionGuid = {1301EC88-B511-468E-95D7-06DC29213620}
	EndGlobalSection
EndGlobal
