
Microsoft Visual Studio Solution File, Format Version 12.00
# Visual Studio Version 16
VisualStudioVersion = 16.0.29806.167
MinimumVisualStudioVersion = 10.0.40219.1
Project("{FAE04EC0-301F-11D3-BF4B-00C04F79EFBC}") = "Studying_csharp_10", "Studying_csharp_10.csproj", "{C34C7F74-DC9C-4D02-AEB9-D18C0A70E246}"
EndProject
Global
	GlobalSection(SolutionConfigurationPlatforms) = preSolution
		Debug|Any CPU = Debug|Any CPU
		Release|Any CPU = Release|Any CPU
	EndGlobalSection
	GlobalSection(ProjectConfigurationPlatforms) = postSolution
		{C34C7F74-DC9C-4D02-AEB9-D18C0A70E246}.Debug|Any CPU.ActiveCfg = Debug|Any CPU
		{C34C7F74-DC9C-4D02-AEB9-D18C0A70E246}.Debug|Any CPU.Build.0 = Debug|Any CPU
		{C34C7F74-DC9C-4D02-AEB9-D18C0A70E246}.Release|Any CPU.ActiveCfg = Release|Any CPU
		{C34C7F74-DC9C-4D02-AEB9-D18C0A70E246}.Release|Any CPU.Build.0 = Release|Any CPU
	EndGlobalSection
	GlobalSection(SolutionProperties) = preSolution
		HideSolutionNode = FALSE
	EndGlobalSection
	GlobalSection(ExtensibilityGlobals) = postSolution
		SolutionGuid = {805E9096-D485-4E9F-A178-75EE20B41CBC}
	EndGlobalSection
EndGlobal
